
Microsoft Visual Studio Solution File, Format Version 12.00
# Visual Studio Version 17
VisualStudioVersion = 17.3.32922.545
MinimumVisualStudioVersion = 10.0.40219.1
Project("{FAE04EC0-301F-11D3-BF4B-00C04F79EFBC}") = "QLNH_Winform", "QLNH_Winform\QLNH_Winform.csproj", "{5B128AF0-813C-46CC-9063-A03AE7E49AAF}"
EndProject
Global
	GlobalSection(SolutionConfigurationPlatforms) = preSolution
		Debug|Any CPU = Debug|Any CPU
		Release|Any CPU = Release|Any CPU
	EndGlobalSection
	GlobalSection(ProjectConfigurationPlatforms) = postSolution
		{5B128AF0-813C-46CC-9063-A03AE7E49AAF}.Debug|Any CPU.ActiveCfg = Debug|Any CPU
		{5B128AF0-813C-46CC-9063-A03AE7E49AAF}.Debug|Any CPU.Build.0 = Debug|Any CPU
		{5B128AF0-813C-46CC-9063-A03AE7E49AAF}.Release|Any CPU.ActiveCfg = Release|Any CPU
		{5B128AF0-813C-46CC-9063-A03AE7E49AAF}.Release|Any CPU.Build.0 = Release|Any CPU
	EndGlobalSection
	GlobalSection(SolutionProperties) = preSolution
		HideSolutionNode = FALSE
	EndGlobalSection
	GlobalSection(ExtensibilityGlobals) = postSolution
		SolutionGuid = {3BE1A928-76E5-464E-A217-381FC00D9C33}
	EndGlobalSection
EndGlobal
